
Microsoft Visual Studio Solution File, Format Version 12.00
# Visual Studio Version 17
VisualStudioVersion = 17.11.35431.28
MinimumVisualStudioVersion = 10.0.40219.1
Project("{FAE04EC0-301F-11D3-BF4B-00C04F79EFBC}") = "BookManagementAPI", "BookManagementAPI.csproj", "{1F0DF567-DD11-4E6B-BB22-0E437682F92D}"
EndProject
Global
	GlobalSection(SolutionConfigurationPlatforms) = preSolution
		Debug|Any CPU = Debug|Any CPU
		Release|Any CPU = Release|Any CPU
	EndGlobalSection
	GlobalSection(ProjectConfigurationPlatforms) = postSolution
		{1F0DF567-DD11-4E6B-BB22-0E437682F92D}.Debug|Any CPU.ActiveCfg = Debug|Any CPU
		{1F0DF567-DD11-4E6B-BB22-0E437682F92D}.Debug|Any CPU.Build.0 = Debug|Any CPU
		{1F0DF567-DD11-4E6B-BB22-0E437682F92D}.Release|Any CPU.ActiveCfg = Release|Any CPU
		{1F0DF567-DD11-4E6B-BB22-0E437682F92D}.Release|Any CPU.Build.0 = Release|Any CPU
	EndGlobalSection
	GlobalSection(SolutionProperties) = preSolution
		HideSolutionNode = FALSE
	EndGlobalSection
	GlobalSection(ExtensibilityGlobals) = postSolution
		SolutionGuid = {420FBA3F-1702-434B-8168-F08F960CDD99}
	EndGlobalSection
EndGlobal
